Microsoft Visual Studio Solution File, Format Version 12.00
# Visual Studio 14
VisualStudioVersion = 14.0.25420.1
MinimumVisualStudioVersion = 10.0.40219.1
Project("{FAE04EC0-301F-11D3-BF4B-00C04F79EFBC}") = "forms", "forms\forms.csproj", "{66A3B9D3-7906-4B14-BEFA-CFE886954455}"
EndProject
Project("{FAE04EC0-301F-11D3-BF4B-00C04F79EFBC}") = "libraries", "libraries\libraries.csproj", "{0C503865-29EF-4C46-A64E-672B511A3638}"
EndProject
Project("{FAE04EC0-301F-11D3-BF4B-00C04F79EFBC}") = "database", "database\database.csproj", "{B7EED3B2-1195-4855-AFBB-023D5BB14ECD}"
EndProject
Project("{FAE04EC0-301F-11D3-BF4B-00C04F79EFBC}") = "dtos", "dtos\dtos.csproj", "{6654E57C-83D3-4EFB-B18B-B01131CF2D0B}"
EndProject
Project("{FAE04EC0-301F-11D3-BF4B-00C04F79EFBC}") = "tests", "tests\tests.csproj", "{DB9FC8DD-8848-4414-A8A8-E544F4596DA2}"
EndProject
Global
	GlobalSection(SolutionConfigurationPlatforms) = preSolution
		Debug|Any CPU = Debug|Any CPU
		Release|Any CPU = Release|Any CPU
	EndGlobalSection
	GlobalSection(ProjectConfigurationPlatforms) = postSolution
		{66A3B9D3-7906-4B14-BEFA-CFE886954455}.Debug|Any CPU.ActiveCfg = Debug|Any CPU
		{66A3B9D3-7906-4B14-BEFA-CFE886954455}.Debug|Any CPU.Build.0 = Debug|Any CPU
		{66A3B9D3-7906-4B14-BEFA-CFE886954455}.Release|Any CPU.ActiveCfg = Release|Any CPU
		{66A3B9D3-7906-4B14-BEFA-CFE886954455}.Release|Any CPU.Build.0 = Release|Any CPU
		{0C503865-29EF-4C46-A64E-672B511A3638}.Debug|Any CPU.ActiveCfg = Debug|Any CPU
		{0C503865-29EF-4C46-A64E-672B511A3638}.Debug|Any CPU.Build.0 = Debug|Any CPU
		{0C503865-29EF-4C46-A64E-672B511A3638}.Release|Any CPU.ActiveCfg = Release|Any CPU
		{0C503865-29EF-4C46-A64E-672B511A3638}.Release|Any CPU.Build.0 = Release|Any CPU
		{B7EED3B2-1195-4855-AFBB-023D5BB14ECD}.Debug|Any CPU.ActiveCfg = Debug|Any CPU
		{B7EED3B2-1195-4855-AFBB-023D5BB14ECD}.Debug|Any CPU.Build.0 = Debug|Any CPU
		{B7EED3B2-1195-4855-AFBB-023D5BB14ECD}.Release|Any CPU.ActiveCfg = Release|Any CPU
		{B7EED3B2-1195-4855-AFBB-023D5BB14ECD}.Release|Any CPU.Build.0 = Release|Any CPU
		{6654E57C-83D3-4EFB-B18B-B01131CF2D0B}.Debug|Any CPU.ActiveCfg = Debug|Any CPU
		{6654E57C-83D3-4EFB-B18B-B01131CF2D0B}.Debug|Any CPU.Build.0 = Debug|Any CPU
		{6654E57C-83D3-4EFB-B18B-B01131CF2D0B}.Release|Any CPU.ActiveCfg = Release|Any CPU
		{6654E57C-83D3-4EFB-B18B-B01131CF2D0B}.Release|Any CPU.Build.0 = Release|Any CPU
		{DB9FC8DD-8848-4414-A8A8-E544F4596DA2}.Debug|Any CPU.ActiveCfg = Debug|Any CPU
		{DB9FC8DD-8848-4414-A8A8-E544F4596DA2}.Debug|Any CPU.Build.0 = Debug|Any CPU
		{DB9FC8DD-8848-4414-A8A8-E544F4596DA2}.Release|Any CPU.ActiveCfg = Release|Any CPU
		{DB9FC8DD-8848-4414-A8A8-E544F4596DA2}.Release|Any CPU.Build.0 = Release|Any CPU
	EndGlobalSection
	GlobalSection(SolutionProperties) = preSolution
		HideSolutionNode = FALSE
	EndGlobalSection
EndGlobal
